
Microsoft Visual Studio Solution File, Format Version 12.00
# Visual Studio Version 17
VisualStudioVersion = 17.0.32112.339
MinimumVisualStudioVersion = 10.0.40219.1
Project("{FAE04EC0-301F-11D3-BF4B-00C04F79EFBC}") = "Mood Analyzer", "Mood Analyzer\Mood Analyzer.csproj", "{F2D79AAD-0AF3-4CCC-BE5B-0F63FC5A5CF0}"
EndProject
Project("{FAE04EC0-301F-11D3-BF4B-00C04F79EFBC}") = "TestMoodAnalyzer", "TestMoodAnalyzer\TestMoodAnalyzer.csproj", "{6E8B93A4-A737-49BA-A1D2-200986764B7A}"
EndProject
Global
	GlobalSection(SolutionConfigurationPlatforms) = preSolution
		Debug|Any CPU = Debug|Any CPU
		Release|Any CPU = Release|Any CPU
	EndGlobalSection
	GlobalSection(ProjectConfigurationPlatforms) = postSolution
		{F2D79AAD-0AF3-4CCC-BE5B-0F63FC5A5CF0}.Debug|Any CPU.ActiveCfg = Debug|Any CPU
		{F2D79AAD-0AF3-4CCC-BE5B-0F63FC5A5CF0}.Debug|Any CPU.Build.0 = Debug|Any CPU
		{F2D79AAD-0AF3-4CCC-BE5B-0F63FC5A5CF0}.Release|Any CPU.ActiveCfg = Release|Any CPU
		{F2D79AAD-0AF3-4CCC-BE5B-0F63FC5A5CF0}.Release|Any CPU.Build.0 = Release|Any CPU
		{6E8B93A4-A737-49BA-A1D2-200986764B7A}.Debug|Any CPU.ActiveCfg = Debug|Any CPU
		{6E8B93A4-A737-49BA-A1D2-200986764B7A}.Debug|Any CPU.Build.0 = Debug|Any CPU
		{6E8B93A4-A737-49BA-A1D2-200986764B7A}.Release|Any CPU.ActiveCfg = Release|Any CPU
		{6E8B93A4-A737-49BA-A1D2-200986764B7A}.Release|Any CPU.Build.0 = Release|Any CPU
	EndGlobalSection
	GlobalSection(SolutionProperties) = preSolution
		HideSolutionNode = FALSE
	EndGlobalSection
	GlobalSection(ExtensibilityGlobals) = postSolution
		SolutionGuid = {1B552DAF-1ED2-4327-9298-4E2C65123F4E}
	EndGlobalSection
EndGlobal
